// !$*UTF8*$!
{
	archiveVersion = 1;
	classes = {
	};
	objectVersion = 50;
	objects = {

/* Begin PBXBuildFile section */
		C87BDBDA20DD14A800D48C86 /* AppDelegate.swift in Sources */ = {isa = PBXBuildFile; fileRef = C87BDBD920DD14A800D48C86 /* AppDelegate.swift */; };
		C87BDBDC20DD14A800D48C86 /* ViewController.swift in Sources */ = {isa = PBXBuildFile; fileRef = C87BDBDB20DD14A800D48C86 /* ViewController.swift */; };
		C87BDBDF20DD14A800D48C86 /* Main.storyboard in Resources */ = {isa = PBXBuildFile; fileRef = C87BDBDD20DD14A800D48C86 /* Main.storyboard */; };
		C87BDBE120DD14A800D48C86 /* Assets.xcassets in Resources */ = {isa = PBXBuildFile; fileRef = C87BDBE020DD14A800D48C86 /* Assets.xcassets */; };
		C87BDBE420DD14A800D48C86 /* LaunchScreen.storyboard in Resources */ = {isa = PBXBuildFile; fileRef = C87BDBE220DD14A800D48C86 /* LaunchScreen.storyboard */; };
		C87BDBEF20DD14A800D48C86 /* geekbrains_3_2Tests.swift in Sources */ = {isa = PBXBuildFile; fileRef = C87BDBEE20DD14A800D48C86 /* geekbrains_3_2Tests.swift */; };
/* End PBXBuildFile section */

/* Begin PBXContainerItemProxy section */
		C87BDBEB20DD14A800D48C86 /* PBXContainerItemProxy */ = {
			isa = PBXContainerItemProxy;
			containerPortal = C87BDBCE20DD14A700D48C86 /* Project object */;
			proxyType = 1;
			remoteGlobalIDString = C87BDBD520DD14A700D48C86;
			remoteInfo = "geekbrains-3-2";
		};
/* End PBXContainerItemProxy section */

/* Begin PBXFileReference section */
		C87BDBD620DD14A800D48C86 /* geekbrains-3-2.app */ = {isa = PBXFileReference; explicitFileType = wrapper.application; includeInIndex = 0; path = "geekbrains-3-2.app"; sourceTree = BUILT_PRODUCTS_DIR; };
		C87BDBD920DD14A800D48C86 /* AppDelegate.swift */ = {isa = PBXFileReference; lastKnownFileType = sourcecode.swift; path = AppDelegate.swift; sourceTree = "<group>"; };
		C87BDBDB20DD14A800D48C86 /* ViewController.swift */ = {isa = PBXFileReference; lastKnownFileType = sourcecode.swift; path = ViewController.swift; sourceTree = "<group>"; };
		C87BDBDE20DD14A800D48C86 /* Base */ = {isa = PBXFileReference; lastKnownFileType = file.storyboard; name = Base; path = Base.lproj/Main.storyboard; sourceTree = "<group>"; };
		C87BDBE020DD14A800D48C86 /* Assets.xcassets */ = {isa = PBXFileReference; lastKnownFileType = folder.assetcatalog; path = Assets.xcassets; sourceTree = "<group>"; };
		C87BDBE320DD14A800D48C86 /* Base */ = {isa = PBXFileReference; lastKnownFileType = file.storyboard; name = Base; path = Base.lproj/LaunchScreen.storyboard; sourceTree = "<group>"; };
		C87BDBE520DD14A800D48C86 /* Info.plist */ = {isa = PBXFileReference; lastKnownFileType = text.plist.xml; path = Info.plist; sourceTree = "<group>"; };
		C87BDBEA20DD14A800D48C86 /* geekbrains-3-2Tests.xctest */ = {isa = PBXFileReference; explicitFileType = wrapper.cfbundle; includeInIndex = 0; path = "geekbrains-3-2Tests.xctest"; sourceTree = BUILT_PRODUCTS_DIR; };
		C87BDBEE20DD14A800D48C86 /* geekbrains_3_2Tests.swift */ = {isa = PBXFileReference; lastKnownFileType = sourcecode.swift; path = geekbrains_3_2Tests.swift; sourceTree = "<group>"; };
		C87BDBF020DD14A800D48C86 /* Info.plist */ = {isa = PBXFileReference; lastKnownFileType = text.plist.xml; path = Info.plist; sourceTree = "<group>"; };
/* End PBXFileReference section */

/* Begin PBXFrameworksBuildPhase section */
		C87BDBD320DD14A700D48C86 /* Frameworks */ = {
			isa = PBXFrameworksBuildPhase;
			buildActionMask = 2147483647;
			files = (
			);
			runOnlyForDeploymentPostprocessing = 0;
		};
		C87BDBE720DD14A800D48C86 /* Frameworks */ = {
			isa = PBXFrameworksBuildPhase;
			buildActionMask = 2147483647;
			files = (
			);
			runOnlyForDeploymentPostprocessing = 0;
		};
/* End PBXFrameworksBuildPhase section */

/* Begin PBXGroup section */
		C87BDBCD20DD14A700D48C86 = {
			isa = PBXGroup;
			children = (
				C87BDBD820DD14A800D48C86 /* geekbrains-3-2 */,
				C87BDBED20DD14A800D48C86 /* geekbrains-3-2Tests */,
				C87BDBD720DD14A800D48C86 /* Products */,
			);
			sourceTree = "<group>";
		};
		C87BDBD720DD14A800D48C86 /* Products */ = {
			isa = PBXGroup;
			children = (
				C87BDBD620DD14A800D48C86 /* geekbrains-3-2.app */,
				C87BDBEA20DD14A800D48C86 /* geekbrains-3-2Tests.xctest */,
			);
			name = Products;
			sourceTree = "<group>";
		};
		C87BDBD820DD14A800D48C86 /* geekbrains-3-2 */ = {
			isa = PBXGroup;
			children = (
				C87BDBD920DD14A800D48C86 /* AppDelegate.swift */,
				C87BDBDB20DD14A800D48C86 /* ViewController.swift */,
				C87BDBDD20DD14A800D48C86 /* Main.storyboard */,
				C87BDBE020DD14A800D48C86 /* Assets.xcassets */,
				C87BDBE220DD14A800D48C86 /* LaunchScreen.storyboard */,
				C87BDBE520DD14A800D48C86 /* Info.plist */,
			);
			path = "geekbrains-3-2";
			sourceTree = "<group>";
		};
		C87BDBED20DD14A800D48C86 /* geekbrains-3-2Tests */ = {
			isa = PBXGroup;
			children = (
				C87BDBEE20DD14A800D48C86 /* geekbrains_3_2Tests.swift */,
				C87BDBF020DD14A800D48C86 /* Info.plist */,
			);
			path = "geekbrains-3-2Tests";
			sourceTree = "<group>";
		};
/* End PBXGroup section */

/* Begin PBXNativeTarget section */
		C87BDBD520DD14A700D48C86 /* geekbrains-3-2 */ = {
			isa = PBXNativeTarget;
			buildConfigurationList = C87BDBF320DD14A800D48C86 /* Build configuration list for PBXNativeTarget "geekbrains-3-2" */;
			buildPhases = (
				C87BDBD220DD14A700D48C86 /* Sources */,
				C87BDBD320DD14A700D48C86 /* Frameworks */,
				C87BDBD420DD14A700D48C86 /* Resources */,
			);
			buildRules = (
			);
			dependencies = (
			);
			name = "geekbrains-3-2";
			productName = "geekbrains-3-2";
			productReference = C87BDBD620DD14A800D48C86 /* geekbrains-3-2.app */;
			productType = "com.apple.product-type.application";
		};
		C87BDBE920DD14A800D48C86 /* geekbrains-3-2Tests */ = {
			isa = PBXNativeTarget;
			buildConfigurationList = C87BDBF620DD14A800D48C86 /* Build configuration list for PBXNativeTarget "geekbrains-3-2Tests" */;
			buildPhases = (
				C87BDBE620DD14A800D48C86 /* Sources */,
				C87BDBE720DD14A800D48C86 /* Frameworks */,
				C87BDBE820DD14A800D48C86 /* Resources */,
			);
			buildRules = (
			);
			dependencies = (
				C87BDBEC20DD14A800D48C86 /* PBXTargetDependency */,
			);
			name = "geekbrains-3-2Tests";
			productName = "geekbrains-3-2Tests";
			productReference = C87BDBEA20DD14A800D48C86 /* geekbrains-3-2Tests.xctest */;
			productType = "com.apple.product-type.bundle.unit-test";
		};
/* End PBXNativeTarget section */

/* Begin PBXProject section */
		C87BDBCE20DD14A700D48C86 /* Project object */ = {
			isa = PBXProject;
			attributes = {
				LastSwiftUpdateCheck = 0940;
				LastUpgradeCheck = 0940;
				ORGANIZATIONNAME = "Роман Мисников";
				TargetAttributes = {
					C87BDBD520DD14A700D48C86 = {
						CreatedOnToolsVersion = 9.4;
					};
					C87BDBE920DD14A800D48C86 = {
						CreatedOnToolsVersion = 9.4;
						TestTargetID = C87BDBD520DD14A700D48C86;
					};
				};
			};
			buildConfigurationList = C87BDBD120DD14A700D48C86 /* Build configuration list for PBXProject "geekbrains-3-2" */;
			compatibilityVersion = "Xcode 9.3";
			developmentRegion = en;
			hasScannedForEncodings = 0;
			knownRegions = (
				en,
				Base,
			);
			mainGroup = C87BDBCD20DD14A700D48C86;
			productRefGroup = C87BDBD720DD14A800D48C86 /* Products */;
			projectDirPath = "";
			projectRoot = "";
			targets = (
				C87BDBD520DD14A700D48C86 /* geekbrains-3-2 */,
				C87BDBE920DD14A800D48C86 /* geekbrains-3-2Tests */,
			);
		};
/* End PBXProject section */

/* Begin PBXResourcesBuildPhase section */
		C87BDBD420DD14A700D48C86 /* Resources */ = {
			isa = PBXResourcesBuildPhase;
			buildActionMask = 2147483647;
			files = (
				C87BDBE420DD14A800D48C86 /* LaunchScreen.storyboard in Resources */,
				C87BDBE120DD14A800D48C86 /* Assets.xcassets in Resources */,
				C87BDBDF20DD14A800D48C86 /* Main.storyboard in Resources */,
			);
			runOnlyForDeploymentPostprocessing = 0;
		};
		C87BDBE820DD14A800D48C86 /* Resources */ = {
			isa = PBXResourcesBuildPhase;
			buildActionMask = 2147483647;
			files = (
			);
			runOnlyForDeploymentPostprocessing = 0;
		};
/* End PBXResourcesBuildPhase section */

/* Begin PBXSourcesBuildPhase section */
		C87BDBD220DD14A700D48C86 /* Sources */ = {
			isa = PBXSourcesBuildPhase;
			buildActionMask = 2147483647;
			files = (
				C87BDBDC20DD14A800D48C86 /* ViewController.swift in Sources */,
				C87BDBDA20DD14A800D48C86 /* AppDelegate.swift in Sources */,
			);
			runOnlyForDeploymentPostprocessing = 0;
		};
		C87BDBE620DD14A800D48C86 /* Sources */ = {
			isa = PBXSourcesBuildPhase;
			buildActionMask = 2147483647;
			files = (
				C87BDBEF20DD14A800D48C86 /* geekbrains_3_2Tests.swift in Sources */,
			);
			runOnlyForDeploymentPostprocessing = 0;
		};
/* End PBXSourcesBuildPhase section */

/* Begin PBXTargetDependency section */
		C87BDBEC20DD14A800D48C86 /* PBXTargetDependency */ = {
			isa = PBXTargetDependency;
			target = C87BDBD520DD14A700D48C86 /* geekbrains-3-2 */;
			targetProxy = C87BDBEB20DD14A800D48C86 /* PBXContainerItemProxy */;
		};
/* End PBXTargetDependency section */

/* Begin PBXVariantGroup section */
		C87BDBDD20DD14A800D48C86 /* Main.storyboard */ = {
			isa = PBXVariantGroup;
			children = (
				C87BDBDE20DD14A800D48C86 /* Base */,
			);
			name = Main.storyboard;
			sourceTree = "<group>";
		};
		C87BDBE220DD14A800D48C86 /* LaunchScreen.storyboard */ = {
			isa = PBXVariantGroup;
			children = (
				C87BDBE320DD14A800D48C86 /* Base */,
			);
			name = LaunchScreen.storyboard;
			sourceTree = "<group>";
		};
/* End PBXVariantGroup section */

/* Begin XCBuildConfiguration section */
		C87BDBF120DD14A800D48C86 /* Debug */ = {
			isa = XCBuildConfiguration;
			buildSettings = {
				ALWAYS_SEARCH_USER_PATHS = NO;
				CLANG_ANALYZER_NONNULL = YES;
				CLANG_ANALYZER_NUMBER_OBJECT_CONVERSION = YES_AGGRESSIVE;
				CLANG_CXX_LANGUAGE_STANDARD = "gnu++14";
				CLANG_CXX_LIBRARY = "libc++";
				CLANG_ENABLE_MODULES = YES;
				CLANG_ENABLE_OBJC_ARC = YES;
				CLANG_ENABLE_OBJC_WEAK = YES;
				CLANG_WARN_BLOCK_CAPTURE_AUTORELEASING = YES;
				CLANG_WARN_BOOL_CONVERSION = YES;
				CLANG_WARN_COMMA = YES;
				CLANG_WARN_CONSTANT_CONVERSION = YES;
				CLANG_WARN_DEPRECATED_OBJC_IMPLEMENTATIONS = YES;
				CLANG_WARN_DIRECT_OBJC_ISA_USAGE = YES_ERROR;
				CLANG_WARN_DOCUMENTATION_COMMENTS = YES;
				CLANG_WARN_EMPTY_BODY = YES;
				CLANG_WARN_ENUM_CONVERSION = YES;
				CLANG_WARN_INFINITE_RECURSION = YES;
				CLANG_WARN_INT_CONVERSION = YES;
				CLANG_WARN_NON_LITERAL_NULL_CONVERSION = YES;
				CLANG_WARN_OBJC_IMPLICIT_RETAIN_SELF = YES;
				CLANG_WARN_OBJC_LITERAL_CONVERSION = YES;
				CLANG_WARN_OBJC_ROOT_CLASS = YES_ERROR;
				CLANG_WARN_RANGE_LOOP_ANALYSIS = YES;
				CLANG_WARN_STRICT_PROTOTYPES = YES;
				CLANG_WARN_SUSPICIOUS_MOVE = YES;
				CLANG_WARN_UNGUARDED_AVAILABILITY = YES_AGGRESSIVE;
				CLANG_WARN_UNREACHABLE_CODE = YES;
				CLANG_WARN__DUPLICATE_METHOD_MATCH = YES;
				CODE_SIGN_IDENTITY = "iPhone Developer";
				COPY_PHASE_STRIP = NO;
				DEBUG_INFORMATION_FORMAT = dwarf;
				ENABLE_STRICT_OBJC_MSGSEND = YES;
				ENABLE_TESTABILITY = YES;
				GCC_C_LANGUAGE_STANDARD = gnu11;
				GCC_DYNAMIC_NO_PIC = NO;
				GCC_NO_COMMON_BLOCKS = YES;
				GCC_OPTIMIZATION_LEVEL = 0;
				GCC_PREPROCESSOR_DEFINITIONS = (
					"DEBUG=1",
					"$(inherited)",
				);
				GCC_WARN_64_TO_32_BIT_CONVERSION = YES;
				GCC_WARN_ABOUT_RETURN_TYPE = YES_ERROR;
				GCC_WARN_UNDECLARED_SELECTOR = YES;
				GCC_WARN_UNINITIALIZED_AUTOS = YES_AGGRESSIVE;
				GCC_WARN_UNUSED_FUNCTION = YES;
				GCC_WARN_UNUSED_VARIABLE = YES;
				IPHONEOS_DEPLOYMENT_TARGET = 11.4;
				MTL_ENABLE_DEBUG_INFO = YES;
				ONLY_ACTIVE_ARCH = YES;
				SDKROOT = iphoneos;
				SWIFT_ACTIVE_COMPILATION_CONDITIONS = DEBUG;
				SWIFT_OPTIMIZATION_LEVEL = "-Onone";
			};
			name = Debug;
		};
		C87BDBF220DD14A800D48C86 /* Release */ = {
			isa = XCBuildConfiguration;
			buildSettings = {
				ALWAYS_SEARCH_USER_PATHS = NO;
				CLANG_ANALYZER_NONNULL = YES;
				CLANG_ANALYZER_NUMBER_OBJECT_CONVERSION = YES_AGGRESSIVE;
				CLANG_CXX_LANGUAGE_STANDARD = "gnu++14";
				CLANG_CXX_LIBRARY = "libc++";
				CLANG_ENABLE_MODULES = YES;
				CLANG_ENABLE_OBJC_ARC = YES;
				CLANG_ENABLE_OBJC_WEAK = YES;
				CLANG_WARN_BLOCK_CAPTURE_AUTORELEASING = YES;
				CLANG_WARN_BOOL_CONVERSION = YES;
				CLANG_WARN_COMMA = YES;
				CLANG_WARN_CONSTANT_CONVERSION = YES;
				CLANG_WARN_DEPRECATED_OBJC_IMPLEMENTATIONS = YES;
				CLANG_WARN_DIRECT_OBJC_ISA_USAGE = YES_ERROR;
				CLANG_WARN_DOCUMENTATION_COMMENTS = YES;
				CLANG_WARN_EMPTY_BODY = YES;
				CLANG_WARN_ENUM_CONVERSION = YES;
				CLANG_WARN_INFINITE_RECURSION = YES;
				CLANG_WARN_INT_CONVERSION = YES;
				CLANG_WARN_NON_LITERAL_NULL_CONVERSION = YES;
				CLANG_WARN_OBJC_IMPLICIT_RETAIN_SELF = YES;
				CLANG_WARN_OBJC_LITERAL_CONVERSION = YES;
				CLANG_WARN_OBJC_ROOT_CLASS = YES_ERROR;
				CLANG_WARN_RANGE_LOOP_ANALYSIS = YES;
				CLANG_WARN_STRICT_PROTOTYPES = YES;
				CLANG_WARN_SUSPICIOUS_MOVE = YES;
				CLANG_WARN_UNGUARDED_AVAILABILITY = YES_AGGRESSIVE;
				CLANG_WARN_UNREACHABLE_CODE = YES;
				CLANG_WARN__DUPLICATE_METHOD_MATCH = YES;
				CODE_SIGN_IDENTITY = "iPhone Developer";
				COPY_PHASE_STRIP = NO;
				DEBUG_INFORMATION_FORMAT = "dwarf-with-dsym";
				ENABLE_NS_ASSERTIONS = NO;
				ENABLE_STRICT_OBJC_MSGSEND = YES;
				GCC_C_LANGUAGE_STANDARD = gnu11;
				GCC_NO_COMMON_BLOCKS = YES;
				GCC_WARN_64_TO_32_BIT_CONVERSION = YES;
				GCC_WARN_ABOUT_RETURN_TYPE = YES_ERROR;
				GCC_WARN_UNDECLARED_SELECTOR = YES;
				GCC_WARN_UNINITIALIZED_AUTOS = YES_AGGRESSIVE;
				GCC_WARN_UNUSED_FUNCTION = YES;
				GCC_WARN_UNUSED_VARIABLE = YES;
				IPHONEOS_DEPLOYMENT_TARGET = 11.4;
				MTL_ENABLE_DEBUG_INFO = NO;
				SDKROOT = iphoneos;
				SWIFT_COMPILATION_MODE = wholemodule;
				SWIFT_OPTIMIZATION_LEVEL = "-O";
				VALIDATE_PRODUCT = YES;
			};
			name = Release;
		};
		C87BDBF420DD14A800D48C86 /* Debug */ = {
			isa = XCBuildConfiguration;
			buildSettings = {
				ASSETCATALOG_COMPILER_APPICON_NAME = AppIcon;
				CODE_SIGN_STYLE = Automatic;
				DEVELOPMENT_TEAM = JJHX98NUDV;
				INFOPLIST_FILE = "geekbrains-3-2/Info.plist";
				LD_RUNPATH_SEARCH_PATHS = (
					"$(inherited)",
					"@executable_path/Frameworks",
				);
				PRODUCT_BUNDLE_IDENTIFIER = "RFMisnikov.geekbrains-3-2";
				PRODUCT_NAME = "$(TARGET_NAME)";
				SWIFT_VERSION = 4.0;
				TARGETED_DEVICE_FAMILY = "1,2";
			};
			name = Debug;
		};
		C87BDBF520DD14A800D48C86 /* Release */ = {
			isa = XCBuildConfiguration;
			buildSettings = {
				ASSETCATALOG_COMPILER_APPICON_NAME = AppIcon;
				CODE_SIGN_STYLE = Automatic;
				DEVELOPMENT_TEAM = JJHX98NUDV;
				INFOPLIST_FILE = "geekbrains-3-2/Info.plist";
				LD_RUNPATH_SEARCH_PATHS = (
					"$(inherited)",
					"@executable_path/Frameworks",
				);
				PRODUCT_BUNDLE_IDENTIFIER = "RFMisnikov.geekbrains-3-2";
				PRODUCT_NAME = "$(TARGET_NAME)";
				SWIFT_VERSION = 4.0;
				TARGETED_DEVICE_FAMILY = "1,2";
			};
			name = Release;
		};
		C87BDBF720DD14A800D48C86 /* Debug */ = {
			isa = XCBuildConfiguration;
			buildSettings = {
				ALWAYS_EMBED_SWIFT_STANDARD_LIBRARIES = YES;
				BUNDLE_LOADER = "$(TEST_HOST)";
				CODE_SIGN_STYLE = Automatic;
				DEVELOPMENT_TEAM = JJHX98NUDV;
				INFOPLIST_FILE = "geekbrains-3-2Tests/Info.plist";
				LD_RUNPATH_SEARCH_PATHS = (
					"$(inherited)",
					"@executable_path/Frameworks",
					"@loader_path/Frameworks",
				);
				PRODUCT_BUNDLE_IDENTIFIER = "RFMisnikov.geekbrains-3-2Tests";
				PRODUCT_NAME = "$(TARGET_NAME)";
				SWIFT_VERSION = 4.0;
				TARGETED_DEVICE_FAMILY = "1,2";
				TEST_HOST = "$(BUILT_PRODUCTS_DIR)/geekbrains-3-2.app/geekbrains-3-2";
			};
			name = Debug;
		};
		C87BDBF820DD14A800D48C86 /* Release */ = {
			isa = XCBuildConfiguration;
			buildSettings = {
				ALWAYS_EMBED_SWIFT_STANDARD_LIBRARIES = YES;
				BUNDLE_LOADER = "$(TEST_HOST)";
				CODE_SIGN_STYLE = Automatic;
				DEVELOPMENT_TEAM = JJHX98NUDV;
				INFOPLIST_FILE = "geekbrains-3-2Tests/Info.plist";
				LD_RUNPATH_SEARCH_PATHS = (
					"$(inherited)",
					"@executable_path/Frameworks",
					"@loader_path/Frameworks",
				);
				PRODUCT_BUNDLE_IDENTIFIER = "RFMisnikov.geekbrains-3-2Tests";
				PRODUCT_NAME = "$(TARGET_NAME)";
				SWIFT_VERSION = 4.0;
				TARGETED_DEVICE_FAMILY = "1,2";
				TEST_HOST = "$(BUILT_PRODUCTS_DIR)/geekbrains-3-2.app/geekbrains-3-2";
			};
			name = Release;
		};
/* End XCBuildConfiguration section */

/* Begin XCConfigurationList section */
		C87BDBD120DD14A700D48C86 /* Build configuration list for PBXProject "geekbrains-3-2" */ = {
			isa = XCConfigurationList;
			buildConfigurations = (
				C87BDBF120DD14A800D48C86 /* Debug */,
				C87BDBF220DD14A800D48C86 /* Release */,
			);
			defaultConfigurationIsVisible = 0;
			defaultConfigurationName = Release;
		};
		C87BDBF320DD14A800D48C86 /* Build configuration list for PBXNativeTarget "geekbrains-3-2" */ = {
			isa = XCConfigurationList;
			buildConfigurations = (
				C87BDBF420DD14A800D48C86 /* Debug */,
				C87BDBF520DD14A800D48C86 /* Release */,
			);
			defaultConfigurationIsVisible = 0;
			defaultConfigurationName = Release;
		};
		C87BDBF620DD14A800D48C86 /* Build configuration list for PBXNativeTarget "geekbrains-3-2Tests" */ = {
			isa = XCConfigurationList;
			buildConfigurations = (
				C87BDBF720DD14A800D48C86 /* Debug */,
				C87BDBF820DD14A800D48C86 /* Release */,
			);
			defaultConfigurationIsVisible = 0;
			defaultConfigurationName = Release;
		};
/* End XCConfigurationList section */
	};
	rootObject = C87BDBCE20DD14A700D48C86 /* Project object */;
}
